{
  "name": "@chittyfoundation/ops",
  "version": "1.0.0",
  "lockfileVersion": 3,
  "requires": true,
  "packages": {
    "": {
      "name": "@chittyfoundation/ops",
      "version": "1.0.0",
      "license": "MIT",
      "workspaces": [
        "packages/*"
      ]
    },
    "node_modules/@chittyfoundation/chittycanon-client": {
      "resolved": "packages/chittycanon-client",
      "link": true
    },
    "node_modules/@chittyfoundation/hookify": {
      "resolved": "packages/hookify",
      "link": true
    },
    "node_modules/@chittyfoundation/territories": {
      "resolved": "packages/territories",
      "link": true
    },
    "packages/chittycanon-client": {
      "name": "@chittyfoundation/chittycanon-client",
      "version": "0.1.0",
      "license": "MIT",
      "engines": {
        "node": ">=18.0.0"
      }
    },
    "packages/hookify": {
      "name": "@chittyfoundation/hookify",
      "version": "1.0.0",
      "license": "MIT",
      "dependencies": {
        "@chittyfoundation/chittycanon-client": "file:../chittycanon-client"
      }
    },
    "packages/territories": {
      "name": "@chittyfoundation/territories",
      "version": "1.0.0",
      "license": "MIT",
      "dependencies": {
        "@chittyfoundation/chittycanon-client": "file:../chittycanon-client"
      }
    }
  }
}
